
Microsoft Visual Studio Solution File, Format Version 12.00
Project("{9A19103F-16F7-4668-BE54-9A1E7A4F7556}") = "EnforceAI.Client", "EnforceAI.Client\EnforceAI.Client.csproj", "{53199F51-BAFB-4553-BB06-52FD5639303D}"
EndProject
Project("{9A19103F-16F7-4668-BE54-9A1E7A4F7556}") = "EnforceAI.Server", "EnforceAI.Server\EnforceAI.Server.csproj", "{2E37A4D4-2A62-4A31-BD10-4820944E252F}"
EndProject
Global
	GlobalSection(SolutionConfigurationPlatforms) = preSolution
		Debug|Any CPU = Debug|Any CPU
		Release|Any CPU = Release|Any CPU
	EndGlobalSection
	GlobalSection(ProjectConfigurationPlatforms) = postSolution
		{53199F51-BAFB-4553-BB06-52FD5639303D}.Debug|Any CPU.ActiveCfg = Debug|Any CPU
		{53199F51-BAFB-4553-BB06-52FD5639303D}.Debug|Any CPU.Build.0 = Debug|Any CPU
		{53199F51-BAFB-4553-BB06-52FD5639303D}.Release|Any CPU.ActiveCfg = Release|Any CPU
		{53199F51-BAFB-4553-BB06-52FD5639303D}.Release|Any CPU.Build.0 = Release|Any CPU
		{2E37A4D4-2A62-4A31-BD10-4820944E252F}.Debug|Any CPU.ActiveCfg = Debug|Any CPU
		{2E37A4D4-2A62-4A31-BD10-4820944E252F}.Debug|Any CPU.Build.0 = Debug|Any CPU
		{2E37A4D4-2A62-4A31-BD10-4820944E252F}.Release|Any CPU.ActiveCfg = Release|Any CPU
		{2E37A4D4-2A62-4A31-BD10-4820944E252F}.Release|Any CPU.Build.0 = Release|Any CPU
	EndGlobalSection
EndGlobal
